
Microsoft Visual Studio Solution File, Format Version 12.00
# Visual Studio Version 17
VisualStudioVersion = 17.3.32811.315
MinimumVisualStudioVersion = 10.0.40219.1
Project("{FAE04EC0-301F-11D3-BF4B-00C04F79EFBC}") = "CarClass_HM58", "CarClass_HM58\CarClass_HM58.csproj", "{7CE55769-92C4-4E8A-BF90-7821F7032CAC}"
EndProject
Global
	GlobalSection(SolutionConfigurationPlatforms) = preSolution
		Debug|Any CPU = Debug|Any CPU
		Release|Any CPU = Release|Any CPU
	EndGlobalSection
	GlobalSection(ProjectConfigurationPlatforms) = postSolution
		{7CE55769-92C4-4E8A-BF90-7821F7032CAC}.Debug|Any CPU.ActiveCfg = Debug|Any CPU
		{7CE55769-92C4-4E8A-BF90-7821F7032CAC}.Debug|Any CPU.Build.0 = Debug|Any CPU
		{7CE55769-92C4-4E8A-BF90-7821F7032CAC}.Release|Any CPU.ActiveCfg = Release|Any CPU
		{7CE55769-92C4-4E8A-BF90-7821F7032CAC}.Release|Any CPU.Build.0 = Release|Any CPU
	EndGlobalSection
	GlobalSection(SolutionProperties) = preSolution
		HideSolutionNode = FALSE
	EndGlobalSection
	GlobalSection(ExtensibilityGlobals) = postSolution
		SolutionGuid = {9F92A378-6614-4433-9BA1-D9CDC36A3163}
	EndGlobalSection
EndGlobal
